
Microsoft Visual Studio Solution File, Format Version 12.00
# Visual Studio Version 16
VisualStudioVersion = 16.0.30002.166
MinimumVisualStudioVersion = 10.0.40219.1
Project("{9A19103F-16F7-4668-BE54-9A1E7A4F7556}") = "GrpcService", "GrpcService\GrpcService.csproj", "{EFAD1C80-0442-4778-8CF3-6456EBA4FCFE}"
EndProject
Project("{9A19103F-16F7-4668-BE54-9A1E7A4F7556}") = "Client", "Client\Client.csproj", "{64EFAB19-F821-408E-BF02-9CC78591DE33}"
EndProject
Global
	GlobalSection(SolutionConfigurationPlatforms) = preSolution
		Debug|Any CPU = Debug|Any CPU
		Debug|x64 = Debug|x64
		Debug|x86 = Debug|x86
		Release|Any CPU = Release|Any CPU
		Release|x64 = Release|x64
		Release|x86 = Release|x86
	EndGlobalSection
	GlobalSection(ProjectConfigurationPlatforms) = postSolution
		{EFAD1C80-0442-4778-8CF3-6456EBA4FCFE}.Debug|Any CPU.ActiveCfg = Debug|Any CPU
		{EFAD1C80-0442-4778-8CF3-6456EBA4FCFE}.Debug|Any CPU.Build.0 = Debug|Any CPU
		{EFAD1C80-0442-4778-8CF3-6456EBA4FCFE}.Debug|x64.ActiveCfg = Debug|Any CPU
		{EFAD1C80-0442-4778-8CF3-6456EBA4FCFE}.Debug|x64.Build.0 = Debug|Any CPU
		{EFAD1C80-0442-4778-8CF3-6456EBA4FCFE}.Debug|x86.ActiveCfg = Debug|Any CPU
		{EFAD1C80-0442-4778-8CF3-6456EBA4FCFE}.Debug|x86.Build.0 = Debug|Any CPU
		{EFAD1C80-0442-4778-8CF3-6456EBA4FCFE}.Release|Any CPU.ActiveCfg = Release|Any CPU
		{EFAD1C80-0442-4778-8CF3-6456EBA4FCFE}.Release|Any CPU.Build.0 = Release|Any CPU
		{EFAD1C80-0442-4778-8CF3-6456EBA4FCFE}.Release|x64.ActiveCfg = Release|Any CPU
		{EFAD1C80-0442-4778-8CF3-6456EBA4FCFE}.Release|x64.Build.0 = Release|Any CPU
		{EFAD1C80-0442-4778-8CF3-6456EBA4FCFE}.Release|x86.ActiveCfg = Release|Any CPU
		{EFAD1C80-0442-4778-8CF3-6456EBA4FCFE}.Release|x86.Build.0 = Release|Any CPU
		{64EFAB19-F821-408E-BF02-9CC78591DE33}.Debug|Any CPU.ActiveCfg = Debug|Any CPU
		{64EFAB19-F821-408E-BF02-9CC78591DE33}.Debug|Any CPU.Build.0 = Debug|Any CPU
		{64EFAB19-F821-408E-BF02-9CC78591DE33}.Debug|x64.ActiveCfg = Debug|Any CPU
		{64EFAB19-F821-408E-BF02-9CC78591DE33}.Debug|x64.Build.0 = Debug|Any CPU
		{64EFAB19-F821-408E-BF02-9CC78591DE33}.Debug|x86.ActiveCfg = Debug|Any CPU
		{64EFAB19-F821-408E-BF02-9CC78591DE33}.Debug|x86.Build.0 = Debug|Any CPU
		{64EFAB19-F821-408E-BF02-9CC78591DE33}.Release|Any CPU.ActiveCfg = Release|Any CPU
		{64EFAB19-F821-408E-BF02-9CC78591DE33}.Release|Any CPU.Build.0 = Release|Any CPU
		{64EFAB19-F821-408E-BF02-9CC78591DE33}.Release|x64.ActiveCfg = Release|Any CPU
		{64EFAB19-F821-408E-BF02-9CC78591DE33}.Release|x64.Build.0 = Release|Any CPU
		{64EFAB19-F821-408E-BF02-9CC78591DE33}.Release|x86.ActiveCfg = Release|Any CPU
		{64EFAB19-F821-408E-BF02-9CC78591DE33}.Release|x86.Build.0 = Release|Any CPU
	EndGlobalSection
	GlobalSection(SolutionProperties) = preSolution
		HideSolutionNode = FALSE
	EndGlobalSection
	GlobalSection(ExtensibilityGlobals) = postSolution
		SolutionGuid = {AE53100C-9ADC-49AB-977A-75224A4C3F43}
	EndGlobalSection
EndGlobal
