
Microsoft Visual Studio Solution File, Format Version 12.00
# Visual Studio Version 16
VisualStudioVersion = 16.0.29806.167
MinimumVisualStudioVersion = 10.0.40219.1
Project("{FAE04EC0-301F-11D3-BF4B-00C04F79EFBC}") = "Calculator", "Calculator\Calculator.csproj", "{B39AE894-9A8A-4119-ACEE-8C45E7486008}"
EndProject
Project("{9A19103F-16F7-4668-BE54-9A1E7A4F7556}") = "EF-codefirst", "EF-codefirst\EF-codefirst.csproj", "{AF957831-70A3-4F91-B5DC-1294F73A32F9}"
EndProject
Project("{FAE04EC0-301F-11D3-BF4B-00C04F79EFBC}") = "EF-studiu-de-caz", "EF-studiu-de-caz\EF-studiu-de-caz.csproj", "{E009B195-06E6-49BB-8F81-677AEB2E8FF5}"
EndProject
Project("{FAE04EC0-301F-11D3-BF4B-00C04F79EFBC}") = "ModelDesignFirst_L1", "ModelDesignFirst_L1\ModelDesignFirst_L1.csproj", "{9E0668F0-6D1B-405D-AF98-D6EACA7C9F1C}"
EndProject
Project("{9A19103F-16F7-4668-BE54-9A1E7A4F7556}") = "Code-first-example", "Code-first-example\Code-first-example.csproj", "{636DACD0-3B65-4D71-95F3-EF429D08E931}"
EndProject
Project("{9A19103F-16F7-4668-BE54-9A1E7A4F7556}") = "Event_L1", "Event_L1\Event_L1.csproj", "{260D1CAF-AC4F-4142-B4E9-9A408E85A5BA}"
EndProject
Project("{9A19103F-16F7-4668-BE54-9A1E7A4F7556}") = "NumerePrime_L1", "NumerePrime_L1\NumerePrime_L1.csproj", "{98EA5579-2AF4-4C1A-B487-814D0BF2EA26}"
EndProject
Project("{FAE04EC0-301F-11D3-BF4B-00C04F79EFBC}") = "PostComment", "PostComment\PostComment.csproj", "{6501B895-1540-41FD-A451-F42BACC503BA}"
EndProject
Project("{2150E333-8FDC-42A3-9474-1A3956D46DE8}") = "LaboratorWCF", "LaboratorWCF", "{C0F58F68-D8FE-448D-B69B-B470B98536F1}"
EndProject
Project("{FAE04EC0-301F-11D3-BF4B-00C04F79EFBC}") = "ObjectWCF", "ObjectWCF\ObjectWCF.csproj", "{D2DCB643-82BD-4E33-81D6-348367705FE0}"
EndProject
Project("{FAE04EC0-301F-11D3-BF4B-00C04F79EFBC}") = "HostWCF", "HostWCF\HostWCF.csproj", "{61FE9718-2A85-46B5-B1CD-0F773D2E3C3A}"
EndProject
Project("{FAE04EC0-301F-11D3-BF4B-00C04F79EFBC}") = "Client", "Client\Client.csproj", "{CF232F6F-85A9-4CD2-B0B0-BD8A62C539A0}"
EndProject
Global
	GlobalSection(SolutionConfigurationPlatforms) = preSolution
		Debug|Any CPU = Debug|Any CPU
		Release|Any CPU = Release|Any CPU
	EndGlobalSection
	GlobalSection(ProjectConfigurationPlatforms) = postSolution
		{B39AE894-9A8A-4119-ACEE-8C45E7486008}.Debug|Any CPU.ActiveCfg = Debug|Any CPU
		{B39AE894-9A8A-4119-ACEE-8C45E7486008}.Debug|Any CPU.Build.0 = Debug|Any CPU
		{B39AE894-9A8A-4119-ACEE-8C45E7486008}.Release|Any CPU.ActiveCfg = Release|Any CPU
		{B39AE894-9A8A-4119-ACEE-8C45E7486008}.Release|Any CPU.Build.0 = Release|Any CPU
		{AF957831-70A3-4F91-B5DC-1294F73A32F9}.Debug|Any CPU.ActiveCfg = Debug|Any CPU
		{AF957831-70A3-4F91-B5DC-1294F73A32F9}.Debug|Any CPU.Build.0 = Debug|Any CPU
		{AF957831-70A3-4F91-B5DC-1294F73A32F9}.Release|Any CPU.ActiveCfg = Release|Any CPU
		{AF957831-70A3-4F91-B5DC-1294F73A32F9}.Release|Any CPU.Build.0 = Release|Any CPU
		{E009B195-06E6-49BB-8F81-677AEB2E8FF5}.Debug|Any CPU.ActiveCfg = Debug|Any CPU
		{E009B195-06E6-49BB-8F81-677AEB2E8FF5}.Debug|Any CPU.Build.0 = Debug|Any CPU
		{E009B195-06E6-49BB-8F81-677AEB2E8FF5}.Release|Any CPU.ActiveCfg = Release|Any CPU
		{E009B195-06E6-49BB-8F81-677AEB2E8FF5}.Release|Any CPU.Build.0 = Release|Any CPU
		{9E0668F0-6D1B-405D-AF98-D6EACA7C9F1C}.Debug|Any CPU.ActiveCfg = Debug|Any CPU
		{9E0668F0-6D1B-405D-AF98-D6EACA7C9F1C}.Debug|Any CPU.Build.0 = Debug|Any CPU
		{9E0668F0-6D1B-405D-AF98-D6EACA7C9F1C}.Release|Any CPU.ActiveCfg = Release|Any CPU
		{9E0668F0-6D1B-405D-AF98-D6EACA7C9F1C}.Release|Any CPU.Build.0 = Release|Any CPU
		{636DACD0-3B65-4D71-95F3-EF429D08E931}.Debug|Any CPU.ActiveCfg = Debug|Any CPU
		{636DACD0-3B65-4D71-95F3-EF429D08E931}.Debug|Any CPU.Build.0 = Debug|Any CPU
		{636DACD0-3B65-4D71-95F3-EF429D08E931}.Release|Any CPU.ActiveCfg = Release|Any CPU
		{636DACD0-3B65-4D71-95F3-EF429D08E931}.Release|Any CPU.Build.0 = Release|Any CPU
		{260D1CAF-AC4F-4142-B4E9-9A408E85A5BA}.Debug|Any CPU.ActiveCfg = Debug|Any CPU
		{260D1CAF-AC4F-4142-B4E9-9A408E85A5BA}.Debug|Any CPU.Build.0 = Debug|Any CPU
		{260D1CAF-AC4F-4142-B4E9-9A408E85A5BA}.Release|Any CPU.ActiveCfg = Release|Any CPU
		{260D1CAF-AC4F-4142-B4E9-9A408E85A5BA}.Release|Any CPU.Build.0 = Release|Any CPU
		{98EA5579-2AF4-4C1A-B487-814D0BF2EA26}.Debug|Any CPU.ActiveCfg = Debug|Any CPU
		{98EA5579-2AF4-4C1A-B487-814D0BF2EA26}.Debug|Any CPU.Build.0 = Debug|Any CPU
		{98EA5579-2AF4-4C1A-B487-814D0BF2EA26}.Release|Any CPU.ActiveCfg = Release|Any CPU
		{98EA5579-2AF4-4C1A-B487-814D0BF2EA26}.Release|Any CPU.Build.0 = Release|Any CPU
		{6501B895-1540-41FD-A451-F42BACC503BA}.Debug|Any CPU.ActiveCfg = Debug|Any CPU
		{6501B895-1540-41FD-A451-F42BACC503BA}.Debug|Any CPU.Build.0 = Debug|Any CPU
		{6501B895-1540-41FD-A451-F42BACC503BA}.Release|Any CPU.ActiveCfg = Release|Any CPU
		{6501B895-1540-41FD-A451-F42BACC503BA}.Release|Any CPU.Build.0 = Release|Any CPU
		{D2DCB643-82BD-4E33-81D6-348367705FE0}.Debug|Any CPU.ActiveCfg = Debug|Any CPU
		{D2DCB643-82BD-4E33-81D6-348367705FE0}.Debug|Any CPU.Build.0 = Debug|Any CPU
		{D2DCB643-82BD-4E33-81D6-348367705FE0}.Release|Any CPU.ActiveCfg = Release|Any CPU
		{D2DCB643-82BD-4E33-81D6-348367705FE0}.Release|Any CPU.Build.0 = Release|Any CPU
		{61FE9718-2A85-46B5-B1CD-0F773D2E3C3A}.Debug|Any CPU.ActiveCfg = Debug|Any CPU
		{61FE9718-2A85-46B5-B1CD-0F773D2E3C3A}.Debug|Any CPU.Build.0 = Debug|Any CPU
		{61FE9718-2A85-46B5-B1CD-0F773D2E3C3A}.Release|Any CPU.ActiveCfg = Release|Any CPU
		{61FE9718-2A85-46B5-B1CD-0F773D2E3C3A}.Release|Any CPU.Build.0 = Release|Any CPU
		{CF232F6F-85A9-4CD2-B0B0-BD8A62C539A0}.Debug|Any CPU.ActiveCfg = Debug|Any CPU
		{CF232F6F-85A9-4CD2-B0B0-BD8A62C539A0}.Debug|Any CPU.Build.0 = Debug|Any CPU
		{CF232F6F-85A9-4CD2-B0B0-BD8A62C539A0}.Release|Any CPU.ActiveCfg = Release|Any CPU
		{CF232F6F-85A9-4CD2-B0B0-BD8A62C539A0}.Release|Any CPU.Build.0 = Release|Any CPU
	EndGlobalSection
	GlobalSection(SolutionProperties) = preSolution
		HideSolutionNode = FALSE
	EndGlobalSection
	GlobalSection(NestedProjects) = preSolution
		{6501B895-1540-41FD-A451-F42BACC503BA} = {C0F58F68-D8FE-448D-B69B-B470B98536F1}
		{D2DCB643-82BD-4E33-81D6-348367705FE0} = {C0F58F68-D8FE-448D-B69B-B470B98536F1}
		{61FE9718-2A85-46B5-B1CD-0F773D2E3C3A} = {C0F58F68-D8FE-448D-B69B-B470B98536F1}
		{CF232F6F-85A9-4CD2-B0B0-BD8A62C539A0} = {C0F58F68-D8FE-448D-B69B-B470B98536F1}
	EndGlobalSection
	GlobalSection(ExtensibilityGlobals) = postSolution
		SolutionGuid = {0D126B10-10B3-488E-8D37-63AE5743A7F9}
	EndGlobalSection
EndGlobal
