
Microsoft Visual Studio Solution File, Format Version 12.00
# Visual Studio Version 16
VisualStudioVersion = 16.0.29926.136
MinimumVisualStudioVersion = 10.0.40219.1
Project("{FAE04EC0-301F-11D3-BF4B-00C04F79EFBC}") = "GrpcGreeter", "GrpcGreeter\GrpcGreeter.csproj", "{AECEA2E4-9FC2-45DD-9457-88BA47FF3F26}"
EndProject
Project("{FAE04EC0-301F-11D3-BF4B-00C04F79EFBC}") = "GrpcGreeterClient", "GrpcGreeterClient\GrpcGreeterClient.csproj", "{864BF674-86FC-4DBE-9425-FFEC55697CCB}"
EndProject
Global
	GlobalSection(SolutionConfigurationPlatforms) = preSolution
		Debug|Any CPU = Debug|Any CPU
		Release|Any CPU = Release|Any CPU
	EndGlobalSection
	GlobalSection(ProjectConfigurationPlatforms) = postSolution
		{AECEA2E4-9FC2-45DD-9457-88BA47FF3F26}.Debug|Any CPU.ActiveCfg = Debug|Any CPU
		{AECEA2E4-9FC2-45DD-9457-88BA47FF3F26}.Debug|Any CPU.Build.0 = Debug|Any CPU
		{AECEA2E4-9FC2-45DD-9457-88BA47FF3F26}.Release|Any CPU.ActiveCfg = Release|Any CPU
		{AECEA2E4-9FC2-45DD-9457-88BA47FF3F26}.Release|Any CPU.Build.0 = Release|Any CPU
		{864BF674-86FC-4DBE-9425-FFEC55697CCB}.Debug|Any CPU.ActiveCfg = Debug|Any CPU
		{864BF674-86FC-4DBE-9425-FFEC55697CCB}.Debug|Any CPU.Build.0 = Debug|Any CPU
		{864BF674-86FC-4DBE-9425-FFEC55697CCB}.Release|Any CPU.ActiveCfg = Release|Any CPU
		{864BF674-86FC-4DBE-9425-FFEC55697CCB}.Release|Any CPU.Build.0 = Release|Any CPU
	EndGlobalSection
	GlobalSection(SolutionProperties) = preSolution
		HideSolutionNode = FALSE
	EndGlobalSection
	GlobalSection(ExtensibilityGlobals) = postSolution
		SolutionGuid = {40DC868E-BC39-4284-85F8-BE3F499D3EE7}
	EndGlobalSection
EndGlobal
